{
  "requires": true,
  "lockfileVersion": 1,
  "dependencies": {
    "ar-drone": {
      "version": "0.3.3",
      "resolved": "https://registry.npmjs.org/ar-drone/-/ar-drone-0.3.3.tgz",
      "integrity": "sha1-17lW4j8/EtlKTot6j1dbJc1p9ps=",
      "requires": {
        "buffy": "0.0.4",
        "simple-debug": "1.1.2"
      }
    },
    "buffy": {
      "version": "0.0.4",
      "resolved": "https://registry.npmjs.org/buffy/-/buffy-0.0.4.tgz",
      "integrity": "sha1-0ggQT72bR6h8uwH+Oy7y31QwDfg="
    },
    "simple-debug": {
      "version": "1.1.2",
      "resolved": "https://registry.npmjs.org/simple-debug/-/simple-debug-1.1.2.tgz",
      "integrity": "sha1-CTTh23WjNwaE96y2Y9FVtNRMxss="
    }
  }
}
